{
  "name": "tic-tac-toe-game",
  "version": "1.0.0",
  "lockfileVersion": 2,
  "requires": true,
  "packages": {
    "": {
      "name": "tic-tac-toe-game",
      "version": "1.0.0",
      "license": "ISC",
      "dependencies": {
        "emoji-picker-element": "^1.8.2"
      }
    },
    "node_modules/emoji-picker-element": {
      "version": "1.8.2",
      "resolved": "https://registry.npmjs.org/emoji-picker-element/-/emoji-picker-element-1.8.2.tgz",
      "integrity": "sha512-XNSuntOOz1+JBklOqj+tqJqbInp88i12JXv0ZyQNCaHlkAlUf7Ak9e857S/uVTFlVtA6pJ6qeXLxvMdrL0ngFQ=="
    }
  },
  "dependencies": {
    "emoji-picker-element": {
      "version": "1.8.2",
      "resolved": "https://registry.npmjs.org/emoji-picker-element/-/emoji-picker-element-1.8.2.tgz",
      "integrity": "sha512-XNSuntOOz1+JBklOqj+tqJqbInp88i12JXv0ZyQNCaHlkAlUf7Ak9e857S/uVTFlVtA6pJ6qeXLxvMdrL0ngFQ=="
    }
  }
}
